
Microsoft Visual Studio Solution File, Format Version 12.00
# Visual Studio Version 17
VisualStudioVersion = 17.0.31903.59
MinimumVisualStudioVersion = 10.0.40219.1
Project("{9A19103F-16F7-4668-BE54-9A1E7A4F7556}") = "Illuvium.Nft.App", "src\Illuvium.Nft.App\Illuvium.Nft.App.csproj", "{56BA282D-687A-451E-8F62-6A166D467AA0}"
EndProject
Project("{9A19103F-16F7-4668-BE54-9A1E7A4F7556}") = "Illuvium.Nft.Tests", "tests\Illuvium.Nft.Tests.csproj", "{88539442-F29A-46D8-A3EA-D2A9FA640E96}"
EndProject
Project("{2150E333-8FDC-42A3-9474-1A3956D46DE8}") = "Solution Items", "Solution Items", "{F248750E-6FC5-4E01-B70B-B92FAE47DE24}"
	ProjectSection(SolutionItems) = preProject
		README.md = README.md
	EndProjectSection
EndProject
Project("{9A19103F-16F7-4668-BE54-9A1E7A4F7556}") = "Illuvium.Nft.Common", "src\Illuvium.Nft.Common\Illuvium.Nft.Common.csproj", "{FC30FD11-2489-42A0-9D43-2F2D4A3C5308}"
EndProject
Global
	GlobalSection(SolutionConfigurationPlatforms) = preSolution
		Debug|Any CPU = Debug|Any CPU
		Release|Any CPU = Release|Any CPU
	EndGlobalSection
	GlobalSection(ProjectConfigurationPlatforms) = postSolution
		{56BA282D-687A-451E-8F62-6A166D467AA0}.Debug|Any CPU.ActiveCfg = Debug|Any CPU
		{56BA282D-687A-451E-8F62-6A166D467AA0}.Debug|Any CPU.Build.0 = Debug|Any CPU
		{56BA282D-687A-451E-8F62-6A166D467AA0}.Release|Any CPU.ActiveCfg = Release|Any CPU
		{56BA282D-687A-451E-8F62-6A166D467AA0}.Release|Any CPU.Build.0 = Release|Any CPU
		{88539442-F29A-46D8-A3EA-D2A9FA640E96}.Debug|Any CPU.ActiveCfg = Debug|Any CPU
		{88539442-F29A-46D8-A3EA-D2A9FA640E96}.Debug|Any CPU.Build.0 = Debug|Any CPU
		{88539442-F29A-46D8-A3EA-D2A9FA640E96}.Release|Any CPU.ActiveCfg = Release|Any CPU
		{88539442-F29A-46D8-A3EA-D2A9FA640E96}.Release|Any CPU.Build.0 = Release|Any CPU
		{FC30FD11-2489-42A0-9D43-2F2D4A3C5308}.Debug|Any CPU.ActiveCfg = Debug|Any CPU
		{FC30FD11-2489-42A0-9D43-2F2D4A3C5308}.Debug|Any CPU.Build.0 = Debug|Any CPU
		{FC30FD11-2489-42A0-9D43-2F2D4A3C5308}.Release|Any CPU.ActiveCfg = Release|Any CPU
		{FC30FD11-2489-42A0-9D43-2F2D4A3C5308}.Release|Any CPU.Build.0 = Release|Any CPU
	EndGlobalSection
	GlobalSection(SolutionProperties) = preSolution
		HideSolutionNode = FALSE
	EndGlobalSection
	GlobalSection(ExtensibilityGlobals) = postSolution
		SolutionGuid = {25E03A40-6826-43A6-A4DA-6D06EB16E397}
	EndGlobalSection
EndGlobal
